// !$*UTF8*$!
{
	archiveVersion = 1;
	classes = {
	};
	objectVersion = 46;
	objects = {

/* Begin PBXBuildFile section */
		6EBD7F5D1A618A6C006BBC1E /* main.m in Sources */ = {isa = PBXBuildFile; fileRef = 6EBD7F5C1A618A6B006BBC1E /* main.m */; };
/* End PBXBuildFile section */

/* Begin PBXCopyFilesBuildPhase section */
		6EBD7F571A618A6B006BBC1E /* CopyFiles */ = {
			isa = PBXCopyFilesBuildPhase;
			buildActionMask = 2147483647;
			dstPath = /usr/share/man/man1/;
			dstSubfolderSpec = 0;
			files = (
			);
			runOnlyForDeploymentPostprocessing = 1;
		};
/* End PBXCopyFilesBuildPhase section */

/* Begin PBXFileReference section */
		6EBD7F591A618A6B006BBC1E /* attributesforpreset */ = {isa = PBXFileReference; explicitFileType = "compiled.mach-o.executable"; includeInIndex = 0; path = attributesforpreset; sourceTree = BUILT_PRODUCTS_DIR; };
		6EBD7F5C1A618A6B006BBC1E /* main.m */ = {isa = PBXFileReference; lastKnownFileType = sourcecode.c.objc; path = main.m; sourceTree = "<group>"; };
		6EBD7F631A619515006BBC1E /* output.txt */ = {isa = PBXFileReference; fileEncoding = 4; lastKnownFileType = text; path = output.txt; sourceTree = "<group>"; };
/* End PBXFileReference section */

/* Begin PBXFrameworksBuildPhase section */
		6EBD7F561A618A6B006BBC1E /* Frameworks */ = {
			isa = PBXFrameworksBuildPhase;
			buildActionMask = 2147483647;
			files = (
			);
			runOnlyForDeploymentPostprocessing = 0;
		};
/* End PBXFrameworksBuildPhase section */

/* Begin PBXGroup section */
		6EBD7F501A618A6B006BBC1E = {
			isa = PBXGroup;
			children = (
				6EBD7F5B1A618A6B006BBC1E /* attributesforpreset */,
				6EBD7F5A1A618A6B006BBC1E /* Products */,
			);
			sourceTree = "<group>";
		};
		6EBD7F5A1A618A6B006BBC1E /* Products */ = {
			isa = PBXGroup;
			children = (
				6EBD7F591A618A6B006BBC1E /* attributesforpreset */,
			);
			name = Products;
			sourceTree = "<group>";
		};
		6EBD7F5B1A618A6B006BBC1E /* attributesforpreset */ = {
			isa = PBXGroup;
			children = (
				6EBD7F5C1A618A6B006BBC1E /* main.m */,
				6EBD7F631A619515006BBC1E /* output.txt */,
			);
			path = attributesforpreset;
			sourceTree = "<group>";
		};
/* End PBXGroup section */

/* Begin PBXNativeTarget section */
		6EBD7F581A618A6B006BBC1E /* attributesforpreset */ = {
			isa = PBXNativeTarget;
			buildConfigurationList = 6EBD7F601A618A6C006BBC1E /* Build configuration list for PBXNativeTarget "attributesforpreset" */;
			buildPhases = (
				6EBD7F551A618A6B006BBC1E /* Sources */,
				6EBD7F561A618A6B006BBC1E /* Frameworks */,
				6EBD7F571A618A6B006BBC1E /* CopyFiles */,
			);
			buildRules = (
			);
			dependencies = (
			);
			name = attributesforpreset;
			productName = attributesforpreset;
			productReference = 6EBD7F591A618A6B006BBC1E /* attributesforpreset */;
			productType = "com.apple.product-type.tool";
		};
/* End PBXNativeTarget section */

/* Begin PBXProject section */
		6EBD7F511A618A6B006BBC1E /* Project object */ = {
			isa = PBXProject;
			attributes = {
				LastUpgradeCheck = 0610;
				ORGANIZATIONNAME = "Kevin Meaney";
				TargetAttributes = {
					6EBD7F581A618A6B006BBC1E = {
						CreatedOnToolsVersion = 6.1.1;
					};
				};
			};
			buildConfigurationList = 6EBD7F541A618A6B006BBC1E /* Build configuration list for PBXProject "attributesforpreset" */;
			compatibilityVersion = "Xcode 3.2";
			developmentRegion = English;
			hasScannedForEncodings = 0;
			knownRegions = (
				en,
			);
			mainGroup = 6EBD7F501A618A6B006BBC1E;
			productRefGroup = 6EBD7F5A1A618A6B006BBC1E /* Products */;
			projectDirPath = "";
			projectRoot = "";
			targets = (
				6EBD7F581A618A6B006BBC1E /* attributesforpreset */,
			);
		};
/* End PBXProject section */

/* Begin PBXSourcesBuildPhase section */
		6EBD7F551A618A6B006BBC1E /* Sources */ = {
			isa = PBXSourcesBuildPhase;
			buildActionMask = 2147483647;
			files = (
				6EBD7F5D1A618A6C006BBC1E /* main.m in Sources */,
			);
			runOnlyForDeploymentPostprocessing = 0;
		};
/* End PBXSourcesBuildPhase section */

/* Begin XCBuildConfiguration section */
		6EBD7F5E1A618A6C006BBC1E /* Debug */ = {
			isa = XCBuildConfiguration;
			buildSettings = {
				ALWAYS_SEARCH_USER_PATHS = NO;
				CLANG_CXX_LANGUAGE_STANDARD = "gnu++0x";
				CLANG_CXX_LIBRARY = "libc++";
				CLANG_ENABLE_MODULES = YES;
				CLANG_ENABLE_OBJC_ARC = YES;
				CLANG_WARN_BOOL_CONVERSION = YES;
				CLANG_WARN_CONSTANT_CONVERSION = YES;
				CLANG_WARN_DIRECT_OBJC_ISA_USAGE = YES_ERROR;
				CLANG_WARN_EMPTY_BODY = YES;
				CLANG_WARN_ENUM_CONVERSION = YES;
				CLANG_WARN_INT_CONVERSION = YES;
				CLANG_WARN_OBJC_ROOT_CLASS = YES_ERROR;
				CLANG_WARN_UNREACHABLE_CODE = YES;
				CLANG_WARN__DUPLICATE_METHOD_MATCH = YES;
				COPY_PHASE_STRIP = NO;
				ENABLE_STRICT_OBJC_MSGSEND = YES;
				GCC_C_LANGUAGE_STANDARD = gnu99;
				GCC_DYNAMIC_NO_PIC = NO;
				GCC_OPTIMIZATION_LEVEL = 0;
				GCC_PREPROCESSOR_DEFINITIONS = (
					"DEBUG=1",
					"$(inherited)",
				);
				GCC_SYMBOLS_PRIVATE_EXTERN = NO;
				GCC_WARN_64_TO_32_BIT_CONVERSION = YES;
				GCC_WARN_ABOUT_RETURN_TYPE = YES_ERROR;
				GCC_WARN_UNDECLARED_SELECTOR = YES;
				GCC_WARN_UNINITIALIZED_AUTOS = YES_AGGRESSIVE;
				GCC_WARN_UNUSED_FUNCTION = YES;
				GCC_WARN_UNUSED_VARIABLE = YES;
				MACOSX_DEPLOYMENT_TARGET = 10.10;
				MTL_ENABLE_DEBUG_INFO = YES;
				ONLY_ACTIVE_ARCH = YES;
				SDKROOT = macosx;
			};
			name = Debug;
		};
		6EBD7F5F1A618A6C006BBC1E /* Release */ = {
			isa = XCBuildConfiguration;
			buildSettings = {
				ALWAYS_SEARCH_USER_PATHS = NO;
				CLANG_CXX_LANGUAGE_STANDARD = "gnu++0x";
				CLANG_CXX_LIBRARY = "libc++";
				CLANG_ENABLE_MODULES = YES;
				CLANG_ENABLE_OBJC_ARC = YES;
				CLANG_WARN_BOOL_CONVERSION = YES;
				CLANG_WARN_CONSTANT_CONVERSION = YES;
				CLANG_WARN_DIRECT_OBJC_ISA_USAGE = YES_ERROR;
				CLANG_WARN_EMPTY_BODY = YES;
				CLANG_WARN_ENUM_CONVERSION = YES;
				CLANG_WARN_INT_CONVERSION = YES;
				CLANG_WARN_OBJC_ROOT_CLASS = YES_ERROR;
				CLANG_WARN_UNREACHABLE_CODE = YES;
				CLANG_WARN__DUPLICATE_METHOD_MATCH = YES;
				COPY_PHASE_STRIP = YES;
				DEBUG_INFORMATION_FORMAT = "dwarf-with-dsym";
				ENABLE_NS_ASSERTIONS = NO;
				ENABLE_STRICT_OBJC_MSGSEND = YES;
				GCC_C_LANGUAGE_STANDARD = gnu99;
				GCC_WARN_64_TO_32_BIT_CONVERSION = YES;
				GCC_WARN_ABOUT_RETURN_TYPE = YES_ERROR;
				GCC_WARN_UNDECLARED_SELECTOR = YES;
				GCC_WARN_UNINITIALIZED_AUTOS = YES_AGGRESSIVE;
				GCC_WARN_UNUSED_FUNCTION = YES;
				GCC_WARN_UNUSED_VARIABLE = YES;
				MACOSX_DEPLOYMENT_TARGET = 10.10;
				MTL_ENABLE_DEBUG_INFO = NO;
				SDKROOT = macosx;
			};
			name = Release;
		};
		6EBD7F611A618A6C006BBC1E /* Debug */ = {
			isa = XCBuildConfiguration;
			buildSettings = {
				PRODUCT_NAME = "$(TARGET_NAME)";
			};
			name = Debug;
		};
		6EBD7F621A618A6C006BBC1E /* Release */ = {
			isa = XCBuildConfiguration;
			buildSettings = {
				PRODUCT_NAME = "$(TARGET_NAME)";
			};
			name = Release;
		};
/* End XCBuildConfiguration section */

/* Begin XCConfigurationList section */
		6EBD7F541A618A6B006BBC1E /* Build configuration list for PBXProject "attributesforpreset" */ = {
			isa = XCConfigurationList;
			buildConfigurations = (
				6EBD7F5E1A618A6C006BBC1E /* Debug */,
				6EBD7F5F1A618A6C006BBC1E /* Release */,
			);
			defaultConfigurationIsVisible = 0;
			defaultConfigurationName = Release;
		};
		6EBD7F601A618A6C006BBC1E /* Build configuration list for PBXNativeTarget "attributesforpreset" */ = {
			isa = XCConfigurationList;
			buildConfigurations = (
				6EBD7F611A618A6C006BBC1E /* Debug */,
				6EBD7F621A618A6C006BBC1E /* Release */,
			);
			defaultConfigurationIsVisible = 0;
		};
/* End XCConfigurationList section */
	};
	rootObject = 6EBD7F511A618A6B006BBC1E /* Project object */;
}
